<?xml version="1.0" encoding="utf-8"?>
<Project ToolsVersion="4.0" xmlns="http://schemas.microsoft.com/developer/msbuild/2003">
  <ItemGroup>
    <Filter Include="Source Files">
      <UniqueIdentifier>{ed85f7b0-8cac-449b-908f-61ba5ba116cc}</UniqueIdentifier>
      <Extensions>cpp;c;cxx;rc;def;r;odl;idl;hpj;bat</Extensions>
    </Filter>
    <Filter Include="Header Files">
      <UniqueIdentifier>{a531793b-b192-4a50-800f-90fb969cc713}</UniqueIdentifier>
      <Extensions>h;hpp;hxx;hm;inl</Extensions>
    </Filter>
    <Filter Include="Resource Files">
      <UniqueIdentifier>{db1d6016-146f-4f49-b36a-b031f011b71a}</UniqueIdentifier>
      <Extensions>ico;cur;bmp;dlg;rc2;rct;bin;rgs;gif;jpg;jpeg;jpe</Extensions>
    </Filter>
  </ItemGroup>
  <ItemGroup>
    <ClCompile Include="board_data.cpp">
      <Filter>Source Files</Filter>
    </ClCompile>
    <ClCompile Include="cAPP.cpp">
      <Filter>Source Files</Filter>
    </ClCompile>
    <ClCompile Include="cBitArray.cpp">
      <Filter>Source Files</Filter>
    </ClCompile>
    <ClCompile Include="cBoard.cpp">
      <Filter>Source Files</Filter>
    </ClCompile>
    <ClCompile Include="cConvert.cpp">
      <Filter>Source Files</Filter>
    </ClCompile>
    <ClCompile Include="cEngine.cpp">
      <Filter>Source Files</Filter>
    </ClCompile>
    <ClCompile Include="cGAME.cpp">
      <Filter>Source Files</Filter>
    </ClCompile>
    <ClCompile Include="cInterface.cpp">
      <Filter>Source Files</Filter>
    </ClCompile>
    <ClCompile Include="cMove.cpp">
      <Filter>Source Files</Filter>
    </ClCompile>
    <ClCompile Include="cPARSE.cpp">
      <Filter>Source Files</Filter>
    </ClCompile>
    <ClCompile Include="cPosition.cpp">
      <Filter>Source Files</Filter>
    </ClCompile>
    <ClCompile Include="cSquares.cpp">
      <Filter>Source Files</Filter>
    </ClCompile>
    <ClCompile Include="..\threads\cThread.cpp">
      <Filter>Source Files</Filter>
    </ClCompile>
    <ClCompile Include="cTree.cpp">
      <Filter>Source Files</Filter>
    </ClCompile>
    <ClCompile Include="main.cpp">
      <Filter>Source Files</Filter>
    </ClCompile>
    <ClCompile Include="..\threads\TEVENT.CPP">
      <Filter>Source Files</Filter>
    </ClCompile>
    <ClCompile Include="..\threads\threadObject.cpp">
      <Filter>Source Files</Filter>
    </ClCompile>
  </ItemGroup>
  <ItemGroup>
    <ClInclude Include="cAPP.h">
      <Filter>Header Files</Filter>
    </ClInclude>
    <ClInclude Include="cBitArray.h">
      <Filter>Header Files</Filter>
    </ClInclude>
    <ClInclude Include="cBoard.h">
      <Filter>Header Files</Filter>
    </ClInclude>
    <ClInclude Include="cConvert.h">
      <Filter>Header Files</Filter>
    </ClInclude>
    <ClInclude Include="cENGINE.h">
      <Filter>Header Files</Filter>
    </ClInclude>
    <ClInclude Include="cGAME.h">
      <Filter>Header Files</Filter>
    </ClInclude>
    <ClInclude Include="cInterface.h">
      <Filter>Header Files</Filter>
    </ClInclude>
    <ClInclude Include="cParse.h">
      <Filter>Header Files</Filter>
    </ClInclude>
    <ClInclude Include="cPosition.h">
      <Filter>Header Files</Filter>
    </ClInclude>
    <ClInclude Include="..\threads\criticalSection.h">
      <Filter>Header Files</Filter>
    </ClInclude>
    <ClInclude Include="cSquares.h">
      <Filter>Header Files</Filter>
    </ClInclude>
    <ClInclude Include="..\threads\cThread.h">
      <Filter>Header Files</Filter>
    </ClInclude>
    <ClInclude Include="cTree.h">
      <Filter>Header Files</Filter>
    </ClInclude>
    <ClInclude Include="..\threads\lockableObject.h">
      <Filter>Header Files</Filter>
    </ClInclude>
    <ClInclude Include="..\threads\tEvent.h">
      <Filter>Header Files</Filter>
    </ClInclude>
    <ClInclude Include="..\threads\threadObject.h">
      <Filter>Header Files</Filter>
    </ClInclude>
  </ItemGroup>
</Project>