<?xml version="1.0" encoding="utf-8"?>
<Project ToolsVersion="4.0" xmlns="http://schemas.microsoft.com/developer/msbuild/2003">
  <ItemGroup>
    <Filter Include="Source Files">
      <UniqueIdentifier>{ee847561-52c7-4144-9294-fc66a395a923}</UniqueIdentifier>
      <Extensions>cpp;c;cxx;rc;def;r;odl;idl;hpj;bat</Extensions>
    </Filter>
    <Filter Include="Header Files">
      <UniqueIdentifier>{1dced27f-3b41-47a2-acf2-6f3cc98f5cf2}</UniqueIdentifier>
      <Extensions>h;hpp;hxx;hm;inl</Extensions>
    </Filter>
    <Filter Include="Resource Files">
      <UniqueIdentifier>{0d0b71f0-6e8c-4ba1-8a4e-6214fafb8c4c}</UniqueIdentifier>
      <Extensions>ico;cur;bmp;dlg;rc2;rct;bin;rgs;gif;jpg;jpeg;jpe</Extensions>
    </Filter>
  </ItemGroup>
  <ItemGroup>
    <ClCompile Include="cThread.cpp">
      <Filter>Source Files</Filter>
    </ClCompile>
    <ClCompile Include="TEVENT.CPP">
      <Filter>Source Files</Filter>
    </ClCompile>
    <ClCompile Include="threadObject.cpp">
      <Filter>Source Files</Filter>
    </ClCompile>
    <ClCompile Include="ThreadTest.cpp">
      <Filter>Source Files</Filter>
    </ClCompile>
  </ItemGroup>
  <ItemGroup>
    <ClInclude Include="criticalSection.h">
      <Filter>Header Files</Filter>
    </ClInclude>
    <ClInclude Include="cThread.h">
      <Filter>Header Files</Filter>
    </ClInclude>
    <ClInclude Include="lockableObject.h">
      <Filter>Header Files</Filter>
    </ClInclude>
    <ClInclude Include="tEvent.h">
      <Filter>Header Files</Filter>
    </ClInclude>
    <ClInclude Include="threadObject.h">
      <Filter>Header Files</Filter>
    </ClInclude>
    <ClInclude Include="threadTest.h">
      <Filter>Header Files</Filter>
    </ClInclude>
  </ItemGroup>
</Project>