<?xml version="1.0" encoding="utf-8"?>
<Project ToolsVersion="4.0" xmlns="http://schemas.microsoft.com/developer/msbuild/2003">
  <ItemGroup>
    <Filter Include="Source Files">
      <UniqueIdentifier>{4FC737F1-C7A5-4376-A066-2A32D752A2FF}</UniqueIdentifier>
      <Extensions>cpp;c;cc;cxx;def;odl;idl;hpj;bat;asm;asmx</Extensions>
    </Filter>
    <Filter Include="Header Files">
      <UniqueIdentifier>{93995380-89BD-4b04-88EB-625FBE52EBFB}</UniqueIdentifier>
      <Extensions>h;hh;hpp;hxx;hm;inl;inc;xsd</Extensions>
    </Filter>
    <Filter Include="Resource Files">
      <UniqueIdentifier>{67DA6AB6-F800-4c08-8B7A-83BB121AAD01}</UniqueIdentifier>
      <Extensions>rc;ico;cur;bmp;dlg;rc2;rct;bin;rgs;gif;jpg;jpeg;jpe;resx;tiff;tif;png;wav</Extensions>
    </Filter>
    <Filter Include="lib.src">
      <UniqueIdentifier>{d8d4c22c-cb52-4240-b9f0-fdd3fe9a17b3}</UniqueIdentifier>
    </Filter>
    <Filter Include="wbase.lib">
      <UniqueIdentifier>{6b15f69e-ba84-4502-896d-d084a3597b75}</UniqueIdentifier>
    </Filter>
  </ItemGroup>
  <ItemGroup>
    <ClCompile Include="hat.src\cpp_hat.cpp">
      <Filter>Source Files</Filter>
    </ClCompile>
    <ClCompile Include="hat.src\Hat.cpp">
      <Filter>Source Files</Filter>
    </ClCompile>
    <ClCompile Include="lib.src\ABOUT.CPP">
      <Filter>lib.src</Filter>
    </ClCompile>
    <ClCompile Include="lib.src\bitBlit.cpp">
      <Filter>lib.src</Filter>
    </ClCompile>
    <ClCompile Include="lib.src\cAPPBASE.CPP">
      <Filter>lib.src</Filter>
    </ClCompile>
    <ClCompile Include="lib.src\cDIALOG.CPP">
      <Filter>lib.src</Filter>
    </ClCompile>
    <ClCompile Include="lib.src\CWFRAME.CPP">
      <Filter>lib.src</Filter>
    </ClCompile>
    <ClCompile Include="lib.src\Windbase.cpp">
      <Filter>lib.src</Filter>
    </ClCompile>
  </ItemGroup>
  <ItemGroup>
    <ClInclude Include="hat.src\cpp_hat.H">
      <Filter>Header Files</Filter>
    </ClInclude>
    <ClInclude Include="hat.src\hat.h">
      <Filter>Header Files</Filter>
    </ClInclude>
    <ClInclude Include="lib.src\ABOUT.H">
      <Filter>lib.src</Filter>
    </ClInclude>
    <ClInclude Include="lib.src\cAPPBASE.H">
      <Filter>lib.src</Filter>
    </ClInclude>
    <ClInclude Include="lib.src\cDIALOG.H">
      <Filter>lib.src</Filter>
    </ClInclude>
    <ClInclude Include="lib.src\cMUTEX.h">
      <Filter>lib.src</Filter>
    </ClInclude>
    <ClInclude Include="lib.src\CWFRAME.H">
      <Filter>lib.src</Filter>
    </ClInclude>
    <ClInclude Include="lib.src\WINDBASE.H">
      <Filter>lib.src</Filter>
    </ClInclude>
    <ClInclude Include="lib.src\WM_MSGS.H">
      <Filter>lib.src</Filter>
    </ClInclude>
    <ClInclude Include="lib.src\WMACROS.H">
      <Filter>lib.src</Filter>
    </ClInclude>
  </ItemGroup>
  <ItemGroup>
    <Image Include="hat.src\IDI_ICON1.ico">
      <Filter>Resource Files</Filter>
    </Image>
  </ItemGroup>
  <ItemGroup>
    <ResourceCompile Include="lib.src\aboutDialog.rc">
      <Filter>Resource Files</Filter>
    </ResourceCompile>
    <ResourceCompile Include="hat.src\idi_icon1.rc">
      <Filter>Resource Files</Filter>
    </ResourceCompile>
  </ItemGroup>
  <ItemGroup>
    <None Include="hat.src\idi_icon1.rh">
      <Filter>Resource Files</Filter>
    </None>
  </ItemGroup>
</Project>