<?xml version="1.0" encoding="utf-8"?>
<Project ToolsVersion="4.0" xmlns="http://schemas.microsoft.com/developer/msbuild/2003">
  <ItemGroup>
    <Filter Include="shell.src">
      <UniqueIdentifier>{eb7d36a8-db66-4f13-aaf3-8fac9d563945}</UniqueIdentifier>
    </Filter>
    <Filter Include="lib.src">
      <UniqueIdentifier>{ab2d9e1a-6825-48a1-a6b6-aea54d393ba6}</UniqueIdentifier>
    </Filter>
    <Filter Include="lib.include">
      <UniqueIdentifier>{5027cf79-f50c-4808-bfb7-c7b3541b6408}</UniqueIdentifier>
    </Filter>
  </ItemGroup>
  <ItemGroup>
    <ClCompile Include="tst_shell.src\Winshell.cpp">
      <Filter>shell.src</Filter>
    </ClCompile>
    <ClCompile Include="wBase\Source\ABOUT.CPP">
      <Filter>lib.src</Filter>
    </ClCompile>
    <ClCompile Include="wBase\Source\bitBlit.cpp">
      <Filter>lib.src</Filter>
    </ClCompile>
    <ClCompile Include="wBase\Source\cAPPBASE.CPP">
      <Filter>lib.src</Filter>
    </ClCompile>
    <ClCompile Include="wBase\Source\cBITMAP.CPP">
      <Filter>lib.src</Filter>
    </ClCompile>
    <ClCompile Include="wBase\Source\cDIALOG.CPP">
      <Filter>lib.src</Filter>
    </ClCompile>
    <ClCompile Include="wBase\Source\cWINBASE.cpp">
      <Filter>lib.src</Filter>
    </ClCompile>
    <ClCompile Include="wBase\Source\cWINBASEii.CPP">
      <Filter>lib.src</Filter>
    </ClCompile>
  </ItemGroup>
  <ItemGroup>
    <ClInclude Include="tst_shell.src\Winshell.h">
      <Filter>shell.src</Filter>
    </ClInclude>
    <ClInclude Include="wBase\includes\ABOUT.H">
      <Filter>lib.include</Filter>
    </ClInclude>
    <ClInclude Include="wBase\includes\cAPPBASE.H">
      <Filter>lib.include</Filter>
    </ClInclude>
    <ClInclude Include="wBase\includes\cBITMAP.H">
      <Filter>lib.include</Filter>
    </ClInclude>
    <ClInclude Include="wBase\includes\cDIALOG.H">
      <Filter>lib.include</Filter>
    </ClInclude>
    <ClInclude Include="wBase\includes\cWINBASE.h">
      <Filter>lib.include</Filter>
    </ClInclude>
    <ClInclude Include="wBase\includes\WM_MSGS.H">
      <Filter>lib.include</Filter>
    </ClInclude>
    <ClInclude Include="wBase\includes\WMACROS.H">
      <Filter>lib.include</Filter>
    </ClInclude>
  </ItemGroup>
  <ItemGroup>
    <ResourceCompile Include="tst_shell.src\aboutDialog.rc">
      <Filter>shell.src</Filter>
    </ResourceCompile>
    <ResourceCompile Include="tst_shell.src\shell_menu.rc">
      <Filter>shell.src</Filter>
    </ResourceCompile>
  </ItemGroup>
  <ItemGroup>
    <None Include="tst_shell.src\aboutDialog.rh">
      <Filter>shell.src</Filter>
    </None>
    <None Include="tst_shell.src\shell_menu.rh">
      <Filter>shell.src</Filter>
    </None>
  </ItemGroup>
  <ItemGroup>
    <Image Include="tst_shell.src\resources\IDI_ICON1.ico">
      <Filter>shell.src</Filter>
    </Image>
  </ItemGroup>
</Project>